
Microsoft Visual Studio Solution File, Format Version 12.00
# Visual Studio Version 17
VisualStudioVersion = 17.13.35825.156
MinimumVisualStudioVersion = 10.0.40219.1
Project("{FAE04EC0-301F-11D3-BF4B-00C04F79EFBC}") = "ExpertCs.EfCore", "ExpertCs.EfCore\ExpertCs.EfCore.csproj", "{C2B9B9B5-46A0-CDD5-6910-21DD7C92805D}"
EndProject
Project("{FAE04EC0-301F-11D3-BF4B-00C04F79EFBC}") = "ExpertCs.EfCore.Tests", "ExpertCs.EfCore.Tests\ExpertCs.EfCore.Tests.csproj", "{255EE50D-362A-4AC2-90B9-5F2E781E8B36}"
EndProject
Global
	GlobalSection(SolutionConfigurationPlatforms) = preSolution
		Debug|Any CPU = Debug|Any CPU
		Release|Any CPU = Release|Any CPU
	EndGlobalSection
	GlobalSection(ProjectConfigurationPlatforms) = postSolution
		{C2B9B9B5-46A0-CDD5-6910-21DD7C92805D}.Debug|Any CPU.ActiveCfg = Debug|Any CPU
		{C2B9B9B5-46A0-CDD5-6910-21DD7C92805D}.Debug|Any CPU.Build.0 = Debug|Any CPU
		{C2B9B9B5-46A0-CDD5-6910-21DD7C92805D}.Release|Any CPU.ActiveCfg = Release|Any CPU
		{C2B9B9B5-46A0-CDD5-6910-21DD7C92805D}.Release|Any CPU.Build.0 = Release|Any CPU
		{255EE50D-362A-4AC2-90B9-5F2E781E8B36}.Debug|Any CPU.ActiveCfg = Debug|Any CPU
		{255EE50D-362A-4AC2-90B9-5F2E781E8B36}.Debug|Any CPU.Build.0 = Debug|Any CPU
		{255EE50D-362A-4AC2-90B9-5F2E781E8B36}.Release|Any CPU.ActiveCfg = Release|Any CPU
		{255EE50D-362A-4AC2-90B9-5F2E781E8B36}.Release|Any CPU.Build.0 = Release|Any CPU
	EndGlobalSection
	GlobalSection(SolutionProperties) = preSolution
		HideSolutionNode = FALSE
	EndGlobalSection
	GlobalSection(ExtensibilityGlobals) = postSolution
		SolutionGuid = {A868103A-7446-4E29-886A-9A608CF60B9E}
	EndGlobalSection
EndGlobal
